// !$*UTF8*$!
{
	archiveVersion = 1;
	classes = {
	};
	objectVersion = 50;
	objects = {

/* Begin PBXBuildFile section */
		9BD1EEF5218CA3C9004AB970 /* AppDelegate.swift in Sources */ = {isa = PBXBuildFile; fileRef = 9BD1EEF4218CA3C9004AB970 /* AppDelegate.swift */; };
		9BD1EEFA218CA3C9004AB970 /* Main.storyboard in Resources */ = {isa = PBXBuildFile; fileRef = 9BD1EEF8218CA3C9004AB970 /* Main.storyboard */; };
		9BD1EEFC218CA3CA004AB970 /* Assets.xcassets in Resources */ = {isa = PBXBuildFile; fileRef = 9BD1EEFB218CA3CA004AB970 /* Assets.xcassets */; };
		9BD1EEFF218CA3CA004AB970 /* LaunchScreen.storyboard in Resources */ = {isa = PBXBuildFile; fileRef = 9BD1EEFD218CA3CA004AB970 /* LaunchScreen.storyboard */; };
		9BD1EF07218CA426004AB970 /* GoogleService-Info.plist in Resources */ = {isa = PBXBuildFile; fileRef = 9BD1EF06218CA426004AB970 /* GoogleService-Info.plist */; };
		9BD1EF10218CAD15004AB970 /* Coupon.storyboard in Resources */ = {isa = PBXBuildFile; fileRef = 9BD1EF0F218CAD15004AB970 /* Coupon.storyboard */; };
		9BD1EF12218CAE6C004AB970 /* Order.storyboard in Resources */ = {isa = PBXBuildFile; fileRef = 9BD1EF11218CAE6C004AB970 /* Order.storyboard */; };
		9BD1EF14218CAEFB004AB970 /* Reservation.storyboard in Resources */ = {isa = PBXBuildFile; fileRef = 9BD1EF13218CAEFB004AB970 /* Reservation.storyboard */; };
		9BD1EF17218CAF30004AB970 /* Menber.storyboard in Resources */ = {isa = PBXBuildFile; fileRef = 9BD1EF15218CAF30004AB970 /* Menber.storyboard */; };
/* End PBXBuildFile section */

/* Begin PBXFileReference section */
		9BD1EEF1218CA3C9004AB970 /* SmartOrder.app */ = {isa = PBXFileReference; explicitFileType = wrapper.application; includeInIndex = 0; path = SmartOrder.app; sourceTree = BUILT_PRODUCTS_DIR; };
		9BD1EEF4218CA3C9004AB970 /* AppDelegate.swift */ = {isa = PBXFileReference; lastKnownFileType = sourcecode.swift; path = AppDelegate.swift; sourceTree = "<group>"; };
		9BD1EEF9218CA3C9004AB970 /* Base */ = {isa = PBXFileReference; lastKnownFileType = file.storyboard; name = Base; path = Base.lproj/Main.storyboard; sourceTree = "<group>"; };
		9BD1EEFB218CA3CA004AB970 /* Assets.xcassets */ = {isa = PBXFileReference; lastKnownFileType = folder.assetcatalog; path = Assets.xcassets; sourceTree = "<group>"; };
		9BD1EEFE218CA3CA004AB970 /* Base */ = {isa = PBXFileReference; lastKnownFileType = file.storyboard; name = Base; path = Base.lproj/LaunchScreen.storyboard; sourceTree = "<group>"; };
		9BD1EF00218CA3CA004AB970 /* Info.plist */ = {isa = PBXFileReference; lastKnownFileType = text.plist.xml; path = Info.plist; sourceTree = "<group>"; };
		9BD1EF06218CA426004AB970 /* GoogleService-Info.plist */ = {isa = PBXFileReference; fileEncoding = 4; lastKnownFileType = text.plist.xml; path = "GoogleService-Info.plist"; sourceTree = SOURCE_ROOT; };
		9BD1EF0F218CAD15004AB970 /* Coupon.storyboard */ = {isa = PBXFileReference; fileEncoding = 4; lastKnownFileType = file.storyboard; path = Coupon.storyboard; sourceTree = "<group>"; };
		9BD1EF11218CAE6C004AB970 /* Order.storyboard */ = {isa = PBXFileReference; fileEncoding = 4; lastKnownFileType = file.storyboard; path = Order.storyboard; sourceTree = "<group>"; };
		9BD1EF13218CAEFB004AB970 /* Reservation.storyboard */ = {isa = PBXFileReference; fileEncoding = 4; lastKnownFileType = file.storyboard; path = Reservation.storyboard; sourceTree = "<group>"; };
		9BD1EF16218CAF30004AB970 /* Base */ = {isa = PBXFileReference; lastKnownFileType = file.storyboard; name = Base; path = SmartOrder/Base.lproj/Menber.storyboard; sourceTree = "<group>"; };
/* End PBXFileReference section */

/* Begin PBXFrameworksBuildPhase section */
		9BD1EEEE218CA3C9004AB970 /* Frameworks */ = {
			isa = PBXFrameworksBuildPhase;
			buildActionMask = 2147483647;
			files = (
			);
			runOnlyForDeploymentPostprocessing = 0;
		};
/* End PBXFrameworksBuildPhase section */

/* Begin PBXGroup section */
		9BD1EEE8218CA3C9004AB970 = {
			isa = PBXGroup;
			children = (
				9BD1EF15218CAF30004AB970 /* Menber.storyboard */,
				9BD1EEF3218CA3C9004AB970 /* SmartOrder */,
				9BD1EEF2218CA3C9004AB970 /* Products */,
			);
			sourceTree = "<group>";
		};
		9BD1EEF2218CA3C9004AB970 /* Products */ = {
			isa = PBXGroup;
			children = (
				9BD1EEF1218CA3C9004AB970 /* SmartOrder.app */,
			);
			name = Products;
			sourceTree = "<group>";
		};
		9BD1EEF3218CA3C9004AB970 /* SmartOrder */ = {
			isa = PBXGroup;
			children = (
				9BD1EF09218CA4A3004AB970 /* Model */,
				9BD1EF08218CA431004AB970 /* View */,
				9BD1EF0A218CA4AC004AB970 /* Controller */,
				9BD1EEFB218CA3CA004AB970 /* Assets.xcassets */,
				9BD1EF00218CA3CA004AB970 /* Info.plist */,
				9BD1EF06218CA426004AB970 /* GoogleService-Info.plist */,
			);
			path = SmartOrder;
			sourceTree = "<group>";
		};
		9BD1EF08218CA431004AB970 /* View */ = {
			isa = PBXGroup;
			children = (
				9BD1EEF8218CA3C9004AB970 /* Main.storyboard */,
				9BD1EF0F218CAD15004AB970 /* Coupon.storyboard */,
				9BD1EF11218CAE6C004AB970 /* Order.storyboard */,
				9BD1EF13218CAEFB004AB970 /* Reservation.storyboard */,
				9BD1EEFD218CA3CA004AB970 /* LaunchScreen.storyboard */,
			);
			name = View;
			sourceTree = "<group>";
		};
		9BD1EF09218CA4A3004AB970 /* Model */ = {
			isa = PBXGroup;
			children = (
			);
			path = Model;
			sourceTree = "<group>";
		};
		9BD1EF0A218CA4AC004AB970 /* Controller */ = {
			isa = PBXGroup;
			children = (
				9BD1EEF4218CA3C9004AB970 /* AppDelegate.swift */,
			);
			name = Controller;
			sourceTree = "<group>";
		};
/* End PBXGroup section */

/* Begin PBXNativeTarget section */
		9BD1EEF0218CA3C9004AB970 /* SmartOrder */ = {
			isa = PBXNativeTarget;
			buildConfigurationList = 9BD1EF03218CA3CA004AB970 /* Build configuration list for PBXNativeTarget "SmartOrder" */;
			buildPhases = (
				9BD1EEED218CA3C9004AB970 /* Sources */,
				9BD1EEEE218CA3C9004AB970 /* Frameworks */,
				9BD1EEEF218CA3C9004AB970 /* Resources */,
			);
			buildRules = (
			);
			dependencies = (
			);
			name = SmartOrder;
			productName = SmartOrder;
			productReference = 9BD1EEF1218CA3C9004AB970 /* SmartOrder.app */;
			productType = "com.apple.product-type.application";
		};
/* End PBXNativeTarget section */

/* Begin PBXProject section */
		9BD1EEE9218CA3C9004AB970 /* Project object */ = {
			isa = PBXProject;
			attributes = {
				LastSwiftUpdateCheck = 1000;
				LastUpgradeCheck = 1000;
				ORGANIZATIONNAME = Eason;
				TargetAttributes = {
					9BD1EEF0218CA3C9004AB970 = {
						CreatedOnToolsVersion = 10.0;
					};
				};
			};
			buildConfigurationList = 9BD1EEEC218CA3C9004AB970 /* Build configuration list for PBXProject "SmartOrder" */;
			compatibilityVersion = "Xcode 9.3";
			developmentRegion = en;
			hasScannedForEncodings = 0;
			knownRegions = (
				en,
				Base,
			);
			mainGroup = 9BD1EEE8218CA3C9004AB970;
			productRefGroup = 9BD1EEF2218CA3C9004AB970 /* Products */;
			projectDirPath = "";
			projectRoot = "";
			targets = (
				9BD1EEF0218CA3C9004AB970 /* SmartOrder */,
			);
		};
/* End PBXProject section */

/* Begin PBXResourcesBuildPhase section */
		9BD1EEEF218CA3C9004AB970 /* Resources */ = {
			isa = PBXResourcesBuildPhase;
			buildActionMask = 2147483647;
			files = (
				9BD1EF14218CAEFB004AB970 /* Reservation.storyboard in Resources */,
				9BD1EF17218CAF30004AB970 /* Menber.storyboard in Resources */,
				9BD1EEFF218CA3CA004AB970 /* LaunchScreen.storyboard in Resources */,
				9BD1EF07218CA426004AB970 /* GoogleService-Info.plist in Resources */,
				9BD1EEFC218CA3CA004AB970 /* Assets.xcassets in Resources */,
				9BD1EF10218CAD15004AB970 /* Coupon.storyboard in Resources */,
				9BD1EEFA218CA3C9004AB970 /* Main.storyboard in Resources */,
				9BD1EF12218CAE6C004AB970 /* Order.storyboard in Resources */,
			);
			runOnlyForDeploymentPostprocessing = 0;
		};
/* End PBXResourcesBuildPhase section */

/* Begin PBXSourcesBuildPhase section */
		9BD1EEED218CA3C9004AB970 /* Sources */ = {
			isa = PBXSourcesBuildPhase;
			buildActionMask = 2147483647;
			files = (
				9BD1EEF5218CA3C9004AB970 /* AppDelegate.swift in Sources */,
			);
			runOnlyForDeploymentPostprocessing = 0;
		};
/* End PBXSourcesBuildPhase section */

/* Begin PBXVariantGroup section */
		9BD1EEF8218CA3C9004AB970 /* Main.storyboard */ = {
			isa = PBXVariantGroup;
			children = (
				9BD1EEF9218CA3C9004AB970 /* Base */,
			);
			name = Main.storyboard;
			sourceTree = "<group>";
		};
		9BD1EEFD218CA3CA004AB970 /* LaunchScreen.storyboard */ = {
			isa = PBXVariantGroup;
			children = (
				9BD1EEFE218CA3CA004AB970 /* Base */,
			);
			name = LaunchScreen.storyboard;
			sourceTree = "<group>";
		};
		9BD1EF15218CAF30004AB970 /* Menber.storyboard */ = {
			isa = PBXVariantGroup;
			children = (
				9BD1EF16218CAF30004AB970 /* Base */,
			);
			name = Menber.storyboard;
			sourceTree = "<group>";
		};
/* End PBXVariantGroup section */

/* Begin XCBuildConfiguration section */
		9BD1EF01218CA3CA004AB970 /* Debug */ = {
			isa = XCBuildConfiguration;
			buildSettings = {
				ALWAYS_SEARCH_USER_PATHS = NO;
				CLANG_ANALYZER_NONNULL = YES;
				CLANG_ANALYZER_NUMBER_OBJECT_CONVERSION = YES_AGGRESSIVE;
				CLANG_CXX_LANGUAGE_STANDARD = "gnu++14";
				CLANG_CXX_LIBRARY = "libc++";
				CLANG_ENABLE_MODULES = YES;
				CLANG_ENABLE_OBJC_ARC = YES;
				CLANG_ENABLE_OBJC_WEAK = YES;
				CLANG_WARN_BLOCK_CAPTURE_AUTORELEASING = YES;
				CLANG_WARN_BOOL_CONVERSION = YES;
				CLANG_WARN_COMMA = YES;
				CLANG_WARN_CONSTANT_CONVERSION = YES;
				CLANG_WARN_DEPRECATED_OBJC_IMPLEMENTATIONS = YES;
				CLANG_WARN_DIRECT_OBJC_ISA_USAGE = YES_ERROR;
				CLANG_WARN_DOCUMENTATION_COMMENTS = YES;
				CLANG_WARN_EMPTY_BODY = YES;
				CLANG_WARN_ENUM_CONVERSION = YES;
				CLANG_WARN_INFINITE_RECURSION = YES;
				CLANG_WARN_INT_CONVERSION = YES;
				CLANG_WARN_NON_LITERAL_NULL_CONVERSION = YES;
				CLANG_WARN_OBJC_IMPLICIT_RETAIN_SELF = YES;
				CLANG_WARN_OBJC_LITERAL_CONVERSION = YES;
				CLANG_WARN_OBJC_ROOT_CLASS = YES_ERROR;
				CLANG_WARN_RANGE_LOOP_ANALYSIS = YES;
				CLANG_WARN_STRICT_PROTOTYPES = YES;
				CLANG_WARN_SUSPICIOUS_MOVE = YES;
				CLANG_WARN_UNGUARDED_AVAILABILITY = YES_AGGRESSIVE;
				CLANG_WARN_UNREACHABLE_CODE = YES;
				CLANG_WARN__DUPLICATE_METHOD_MATCH = YES;
				CODE_SIGN_IDENTITY = "iPhone Developer";
				COPY_PHASE_STRIP = NO;
				DEBUG_INFORMATION_FORMAT = dwarf;
				ENABLE_STRICT_OBJC_MSGSEND = YES;
				ENABLE_TESTABILITY = YES;
				GCC_C_LANGUAGE_STANDARD = gnu11;
				GCC_DYNAMIC_NO_PIC = NO;
				GCC_NO_COMMON_BLOCKS = YES;
				GCC_OPTIMIZATION_LEVEL = 0;
				GCC_PREPROCESSOR_DEFINITIONS = (
					"DEBUG=1",
					"$(inherited)",
				);
				GCC_WARN_64_TO_32_BIT_CONVERSION = YES;
				GCC_WARN_ABOUT_RETURN_TYPE = YES_ERROR;
				GCC_WARN_UNDECLARED_SELECTOR = YES;
				GCC_WARN_UNINITIALIZED_AUTOS = YES_AGGRESSIVE;
				GCC_WARN_UNUSED_FUNCTION = YES;
				GCC_WARN_UNUSED_VARIABLE = YES;
				IPHONEOS_DEPLOYMENT_TARGET = 12.0;
				MTL_ENABLE_DEBUG_INFO = INCLUDE_SOURCE;
				MTL_FAST_MATH = YES;
				ONLY_ACTIVE_ARCH = YES;
				SDKROOT = iphoneos;
				SWIFT_ACTIVE_COMPILATION_CONDITIONS = DEBUG;
				SWIFT_OPTIMIZATION_LEVEL = "-Onone";
			};
			name = Debug;
		};
		9BD1EF02218CA3CA004AB970 /* Release */ = {
			isa = XCBuildConfiguration;
			buildSettings = {
				ALWAYS_SEARCH_USER_PATHS = NO;
				CLANG_ANALYZER_NONNULL = YES;
				CLANG_ANALYZER_NUMBER_OBJECT_CONVERSION = YES_AGGRESSIVE;
				CLANG_CXX_LANGUAGE_STANDARD = "gnu++14";
				CLANG_CXX_LIBRARY = "libc++";
				CLANG_ENABLE_MODULES = YES;
				CLANG_ENABLE_OBJC_ARC = YES;
				CLANG_ENABLE_OBJC_WEAK = YES;
				CLANG_WARN_BLOCK_CAPTURE_AUTORELEASING = YES;
				CLANG_WARN_BOOL_CONVERSION = YES;
				CLANG_WARN_COMMA = YES;
				CLANG_WARN_CONSTANT_CONVERSION = YES;
				CLANG_WARN_DEPRECATED_OBJC_IMPLEMENTATIONS = YES;
				CLANG_WARN_DIRECT_OBJC_ISA_USAGE = YES_ERROR;
				CLANG_WARN_DOCUMENTATION_COMMENTS = YES;
				CLANG_WARN_EMPTY_BODY = YES;
				CLANG_WARN_ENUM_CONVERSION = YES;
				CLANG_WARN_INFINITE_RECURSION = YES;
				CLANG_WARN_INT_CONVERSION = YES;
				CLANG_WARN_NON_LITERAL_NULL_CONVERSION = YES;
				CLANG_WARN_OBJC_IMPLICIT_RETAIN_SELF = YES;
				CLANG_WARN_OBJC_LITERAL_CONVERSION = YES;
				CLANG_WARN_OBJC_ROOT_CLASS = YES_ERROR;
				CLANG_WARN_RANGE_LOOP_ANALYSIS = YES;
				CLANG_WARN_STRICT_PROTOTYPES = YES;
				CLANG_WARN_SUSPICIOUS_MOVE = YES;
				CLANG_WARN_UNGUARDED_AVAILABILITY = YES_AGGRESSIVE;
				CLANG_WARN_UNREACHABLE_CODE = YES;
				CLANG_WARN__DUPLICATE_METHOD_MATCH = YES;
				CODE_SIGN_IDENTITY = "iPhone Developer";
				COPY_PHASE_STRIP = NO;
				DEBUG_INFORMATION_FORMAT = "dwarf-with-dsym";
				ENABLE_NS_ASSERTIONS = NO;
				ENABLE_STRICT_OBJC_MSGSEND = YES;
				GCC_C_LANGUAGE_STANDARD = gnu11;
				GCC_NO_COMMON_BLOCKS = YES;
				GCC_WARN_64_TO_32_BIT_CONVERSION = YES;
				GCC_WARN_ABOUT_RETURN_TYPE = YES_ERROR;
				GCC_WARN_UNDECLARED_SELECTOR = YES;
				GCC_WARN_UNINITIALIZED_AUTOS = YES_AGGRESSIVE;
				GCC_WARN_UNUSED_FUNCTION = YES;
				GCC_WARN_UNUSED_VARIABLE = YES;
				IPHONEOS_DEPLOYMENT_TARGET = 12.0;
				MTL_ENABLE_DEBUG_INFO = NO;
				MTL_FAST_MATH = YES;
				SDKROOT = iphoneos;
				SWIFT_COMPILATION_MODE = wholemodule;
				SWIFT_OPTIMIZATION_LEVEL = "-O";
				VALIDATE_PRODUCT = YES;
			};
			name = Release;
		};
		9BD1EF04218CA3CA004AB970 /* Debug */ = {
			isa = XCBuildConfiguration;
			buildSettings = {
				ASSETCATALOG_COMPILER_APPICON_NAME = AppIcon;
				CODE_SIGN_STYLE = Automatic;
				DEVELOPMENT_TEAM = 68M4BPMVT8;
				INFOPLIST_FILE = SmartOrder/Info.plist;
				LD_RUNPATH_SEARCH_PATHS = (
					"$(inherited)",
					"@executable_path/Frameworks",
				);
				PRODUCT_BUNDLE_IDENTIFIER = com.eason.SmartOrder;
				PRODUCT_NAME = "$(TARGET_NAME)";
				SWIFT_VERSION = 4.2;
				TARGETED_DEVICE_FAMILY = "1,2";
			};
			name = Debug;
		};
		9BD1EF05218CA3CA004AB970 /* Release */ = {
			isa = XCBuildConfiguration;
			buildSettings = {
				ASSETCATALOG_COMPILER_APPICON_NAME = AppIcon;
				CODE_SIGN_STYLE = Automatic;
				DEVELOPMENT_TEAM = 68M4BPMVT8;
				INFOPLIST_FILE = SmartOrder/Info.plist;
				LD_RUNPATH_SEARCH_PATHS = (
					"$(inherited)",
					"@executable_path/Frameworks",
				);
				PRODUCT_BUNDLE_IDENTIFIER = com.eason.SmartOrder;
				PRODUCT_NAME = "$(TARGET_NAME)";
				SWIFT_VERSION = 4.2;
				TARGETED_DEVICE_FAMILY = "1,2";
			};
			name = Release;
		};
/* End XCBuildConfiguration section */

/* Begin XCConfigurationList section */
		9BD1EEEC218CA3C9004AB970 /* Build configuration list for PBXProject "SmartOrder" */ = {
			isa = XCConfigurationList;
			buildConfigurations = (
				9BD1EF01218CA3CA004AB970 /* Debug */,
				9BD1EF02218CA3CA004AB970 /* Release */,
			);
			defaultConfigurationIsVisible = 0;
			defaultConfigurationName = Release;
		};
		9BD1EF03218CA3CA004AB970 /* Build configuration list for PBXNativeTarget "SmartOrder" */ = {
			isa = XCConfigurationList;
			buildConfigurations = (
				9BD1EF04218CA3CA004AB970 /* Debug */,
				9BD1EF05218CA3CA004AB970 /* Release */,
			);
			defaultConfigurationIsVisible = 0;
			defaultConfigurationName = Release;
		};
/* End XCConfigurationList section */
	};
	rootObject = 9BD1EEE9218CA3C9004AB970 /* Project object */;
}
