// !$*UTF8*$!
{
	archiveVersion = 1;
	classes = {
	};
	objectVersion = 50;
	objects = {

/* Begin PBXBuildFile section */
		0AE4441E21A2598800571E17 /* Order.storyboard in Resources */ = {isa = PBXBuildFile; fileRef = 0AE4441D21A2598800571E17 /* Order.storyboard */; };
		0AE4445621A3FB4800571E17 /* ResultTableViewController.swift in Sources */ = {isa = PBXBuildFile; fileRef = 0AE4445521A3FB4800571E17 /* ResultTableViewController.swift */; };
		0AE4450521A7967000571E17 /* FoodViewController.swift in Sources */ = {isa = PBXBuildFile; fileRef = 0AE4450021A7966F00571E17 /* FoodViewController.swift */; };
		0AE4450621A7967000571E17 /* MenuTableViewCell.swift in Sources */ = {isa = PBXBuildFile; fileRef = 0AE4450121A7966F00571E17 /* MenuTableViewCell.swift */; };
		0AE4450721A7967000571E17 /* DetailTableViewController.swift in Sources */ = {isa = PBXBuildFile; fileRef = 0AE4450221A7966F00571E17 /* DetailTableViewController.swift */; };
		0AE4450821A7967000571E17 /* FoodTableViewCell.swift in Sources */ = {isa = PBXBuildFile; fileRef = 0AE4450321A7966F00571E17 /* FoodTableViewCell.swift */; };
		0AE4450921A7967000571E17 /* MenuViewController.swift in Sources */ = {isa = PBXBuildFile; fileRef = 0AE4450421A7966F00571E17 /* MenuViewController.swift */; };
		0AF4336E38AD67EF88D2C75C /* Pods_SmartOrder.framework in Frameworks */ = {isa = PBXBuildFile; fileRef = 7039097D73F9A718EA36E5D5 /* Pods_SmartOrder.framework */; };
		9BD1EEF5218CA3C9004AB970 /* AppDelegate.swift in Sources */ = {isa = PBXBuildFile; fileRef = 9BD1EEF4218CA3C9004AB970 /* AppDelegate.swift */; };
		9BD1EEFA218CA3C9004AB970 /* Main.storyboard in Resources */ = {isa = PBXBuildFile; fileRef = 9BD1EEF8218CA3C9004AB970 /* Main.storyboard */; };
		9BD1EEFC218CA3CA004AB970 /* Assets.xcassets in Resources */ = {isa = PBXBuildFile; fileRef = 9BD1EEFB218CA3CA004AB970 /* Assets.xcassets */; };
		9BD1EEFF218CA3CA004AB970 /* LaunchScreen.storyboard in Resources */ = {isa = PBXBuildFile; fileRef = 9BD1EEFD218CA3CA004AB970 /* LaunchScreen.storyboard */; };
		9BD1EF07218CA426004AB970 /* GoogleService-Info.plist in Resources */ = {isa = PBXBuildFile; fileRef = 9BD1EF06218CA426004AB970 /* GoogleService-Info.plist */; };
		9BD1EF10218CAD15004AB970 /* Coupon.storyboard in Resources */ = {isa = PBXBuildFile; fileRef = 9BD1EF0F218CAD15004AB970 /* Coupon.storyboard */; };
		9BD1EF14218CAEFB004AB970 /* Reservation.storyboard in Resources */ = {isa = PBXBuildFile; fileRef = 9BD1EF13218CAEFB004AB970 /* Reservation.storyboard */; };
		9BD1EF17218CAF30004AB970 /* Menber.storyboard in Resources */ = {isa = PBXBuildFile; fileRef = 9BD1EF15218CAF30004AB970 /* Menber.storyboard */; };
		9BD1EF19218ECF89004AB970 /* MainViewController.swift in Sources */ = {isa = PBXBuildFile; fileRef = 9BD1EF18218ECF89004AB970 /* MainViewController.swift */; };
		9BD1EF1B218EF349004AB970 /* Common.swift in Sources */ = {isa = PBXBuildFile; fileRef = 9BD1EF1A218EF349004AB970 /* Common.swift */; };
		9BD1EF1D218F66DC004AB970 /* HelperExtensions.swift in Sources */ = {isa = PBXBuildFile; fileRef = 9BD1EF1C218F66DC004AB970 /* HelperExtensions.swift */; };
		9BD1EF1F2191441A004AB970 /* MenberViewController.swift in Sources */ = {isa = PBXBuildFile; fileRef = 9BD1EF1E2191441A004AB970 /* MenberViewController.swift */; };
		9BD1EF2121916F83004AB970 /* AdminViewController.swift in Sources */ = {isa = PBXBuildFile; fileRef = 9BD1EF2021916F83004AB970 /* AdminViewController.swift */; };
		A11BE7AF219D075000C5A86F /* FirebaseCommunicator.swift in Sources */ = {isa = PBXBuildFile; fileRef = A11BE7AE219D075000C5A86F /* FirebaseCommunicator.swift */; };
		A19727282193E7A600068B18 /* CouponViewController.swift in Sources */ = {isa = PBXBuildFile; fileRef = A19727272193E7A600068B18 /* CouponViewController.swift */; };
		A1D61DAE2193ED38008D35C2 /* CouponCollectionViewCell.swift in Sources */ = {isa = PBXBuildFile; fileRef = A1D61DAD2193ED38008D35C2 /* CouponCollectionViewCell.swift */; };
/* End PBXBuildFile section */

/* Begin PBXFileReference section */
		0AE4441D21A2598800571E17 /* Order.storyboard */ = {isa = PBXFileReference; fileEncoding = 4; lastKnownFileType = file.storyboard; path = Order.storyboard; sourceTree = "<group>"; };
		0AE4445521A3FB4800571E17 /* ResultTableViewController.swift */ = {isa = PBXFileReference; lastKnownFileType = sourcecode.swift; path = ResultTableViewController.swift; sourceTree = "<group>"; };
		0AE4450021A7966F00571E17 /* FoodViewController.swift */ = {isa = PBXFileReference; fileEncoding = 4; lastKnownFileType = sourcecode.swift; path = FoodViewController.swift; sourceTree = "<group>"; };
		0AE4450121A7966F00571E17 /* MenuTableViewCell.swift */ = {isa = PBXFileReference; fileEncoding = 4; lastKnownFileType = sourcecode.swift; path = MenuTableViewCell.swift; sourceTree = "<group>"; };
		0AE4450221A7966F00571E17 /* DetailTableViewController.swift */ = {isa = PBXFileReference; fileEncoding = 4; lastKnownFileType = sourcecode.swift; path = DetailTableViewController.swift; sourceTree = "<group>"; };
		0AE4450321A7966F00571E17 /* FoodTableViewCell.swift */ = {isa = PBXFileReference; fileEncoding = 4; lastKnownFileType = sourcecode.swift; path = FoodTableViewCell.swift; sourceTree = "<group>"; };
		0AE4450421A7966F00571E17 /* MenuViewController.swift */ = {isa = PBXFileReference; fileEncoding = 4; lastKnownFileType = sourcecode.swift; path = MenuViewController.swift; sourceTree = "<group>"; };
		436BE46A013B8DA53395D0D0 /* Pods-SmartOrder.debug.xcconfig */ = {isa = PBXFileReference; includeInIndex = 1; lastKnownFileType = text.xcconfig; name = "Pods-SmartOrder.debug.xcconfig"; path = "Pods/Target Support Files/Pods-SmartOrder/Pods-SmartOrder.debug.xcconfig"; sourceTree = "<group>"; };
		446FB7B5994FBD40D3F53D30 /* Pods-SmartOrder.release.xcconfig */ = {isa = PBXFileReference; includeInIndex = 1; lastKnownFileType = text.xcconfig; name = "Pods-SmartOrder.release.xcconfig"; path = "Pods/Target Support Files/Pods-SmartOrder/Pods-SmartOrder.release.xcconfig"; sourceTree = "<group>"; };
		7039097D73F9A718EA36E5D5 /* Pods_SmartOrder.framework */ = {isa = PBXFileReference; explicitFileType = wrapper.framework; includeInIndex = 0; path = Pods_SmartOrder.framework; sourceTree = BUILT_PRODUCTS_DIR; };
		9BD1EEF1218CA3C9004AB970 /* SmartOrder.app */ = {isa = PBXFileReference; explicitFileType = wrapper.application; includeInIndex = 0; path = SmartOrder.app; sourceTree = BUILT_PRODUCTS_DIR; };
		9BD1EEF4218CA3C9004AB970 /* AppDelegate.swift */ = {isa = PBXFileReference; lastKnownFileType = sourcecode.swift; path = AppDelegate.swift; sourceTree = "<group>"; };
		9BD1EEF9218CA3C9004AB970 /* Base */ = {isa = PBXFileReference; lastKnownFileType = file.storyboard; name = Base; path = Base.lproj/Main.storyboard; sourceTree = "<group>"; };
		9BD1EEFB218CA3CA004AB970 /* Assets.xcassets */ = {isa = PBXFileReference; lastKnownFileType = folder.assetcatalog; path = Assets.xcassets; sourceTree = "<group>"; };
		9BD1EEFE218CA3CA004AB970 /* Base */ = {isa = PBXFileReference; lastKnownFileType = file.storyboard; name = Base; path = Base.lproj/LaunchScreen.storyboard; sourceTree = "<group>"; };
		9BD1EF00218CA3CA004AB970 /* Info.plist */ = {isa = PBXFileReference; lastKnownFileType = text.plist.xml; path = Info.plist; sourceTree = "<group>"; };
		9BD1EF06218CA426004AB970 /* GoogleService-Info.plist */ = {isa = PBXFileReference; fileEncoding = 4; lastKnownFileType = text.plist.xml; path = "GoogleService-Info.plist"; sourceTree = SOURCE_ROOT; };
		9BD1EF0F218CAD15004AB970 /* Coupon.storyboard */ = {isa = PBXFileReference; fileEncoding = 4; lastKnownFileType = file.storyboard; path = Coupon.storyboard; sourceTree = "<group>"; };
		9BD1EF13218CAEFB004AB970 /* Reservation.storyboard */ = {isa = PBXFileReference; fileEncoding = 4; lastKnownFileType = file.storyboard; path = Reservation.storyboard; sourceTree = "<group>"; };
		9BD1EF16218CAF30004AB970 /* Base */ = {isa = PBXFileReference; lastKnownFileType = file.storyboard; name = Base; path = SmartOrder/Base.lproj/Menber.storyboard; sourceTree = "<group>"; };
		9BD1EF18218ECF89004AB970 /* MainViewController.swift */ = {isa = PBXFileReference; lastKnownFileType = sourcecode.swift; path = MainViewController.swift; sourceTree = "<group>"; };
		9BD1EF1A218EF349004AB970 /* Common.swift */ = {isa = PBXFileReference; lastKnownFileType = sourcecode.swift; path = Common.swift; sourceTree = "<group>"; };
		9BD1EF1C218F66DC004AB970 /* HelperExtensions.swift */ = {isa = PBXFileReference; lastKnownFileType = sourcecode.swift; path = HelperExtensions.swift; sourceTree = "<group>"; };
		9BD1EF1E2191441A004AB970 /* MenberViewController.swift */ = {isa = PBXFileReference; lastKnownFileType = sourcecode.swift; path = MenberViewController.swift; sourceTree = "<group>"; };
		9BD1EF2021916F83004AB970 /* AdminViewController.swift */ = {isa = PBXFileReference; lastKnownFileType = sourcecode.swift; path = AdminViewController.swift; sourceTree = "<group>"; };
		A11BE7AE219D075000C5A86F /* FirebaseCommunicator.swift */ = {isa = PBXFileReference; lastKnownFileType = sourcecode.swift; path = FirebaseCommunicator.swift; sourceTree = "<group>"; };
		A19727272193E7A600068B18 /* CouponViewController.swift */ = {isa = PBXFileReference; lastKnownFileType = sourcecode.swift; path = CouponViewController.swift; sourceTree = "<group>"; };
		A1D61DAD2193ED38008D35C2 /* CouponCollectionViewCell.swift */ = {isa = PBXFileReference; lastKnownFileType = sourcecode.swift; path = CouponCollectionViewCell.swift; sourceTree = "<group>"; };
/* End PBXFileReference section */

/* Begin PBXFrameworksBuildPhase section */
		9BD1EEEE218CA3C9004AB970 /* Frameworks */ = {
			isa = PBXFrameworksBuildPhase;
			buildActionMask = 2147483647;
			files = (
				0AF4336E38AD67EF88D2C75C /* Pods_SmartOrder.framework in Frameworks */,
			);
			runOnlyForDeploymentPostprocessing = 0;
		};
/* End PBXFrameworksBuildPhase section */

/* Begin PBXGroup section */
		0AE4441C21A2590F00571E17 /* Order */ = {
			isa = PBXGroup;
			children = (
				0AE4450221A7966F00571E17 /* DetailTableViewController.swift */,
				0AE4450321A7966F00571E17 /* FoodTableViewCell.swift */,
				0AE4450021A7966F00571E17 /* FoodViewController.swift */,
				0AE4450121A7966F00571E17 /* MenuTableViewCell.swift */,
				0AE4450421A7966F00571E17 /* MenuViewController.swift */,
				0AE4445521A3FB4800571E17 /* ResultTableViewController.swift */,
			);
			name = Order;
			path = "New Group";
			sourceTree = "<group>";
		};
		0AF4F56F219EC112005AC6DC /* Order */ = {
			isa = PBXGroup;
			children = (
				0AE4441D21A2598800571E17 /* Order.storyboard */,
			);
			path = Order;
			sourceTree = "<group>";
		};
		0AF4F570219EC171005AC6DC /* Reservation */ = {
			isa = PBXGroup;
			children = (
				9BD1EF13218CAEFB004AB970 /* Reservation.storyboard */,
			);
			name = Reservation;
			sourceTree = "<group>";
		};
		0AF4F571219EC17E005AC6DC /* Member */ = {
			isa = PBXGroup;
			children = (
				9BD1EF15218CAF30004AB970 /* Menber.storyboard */,
			);
			name = Member;
			sourceTree = "<group>";
		};
		0AF4F572219EC218005AC6DC /* Main */ = {
			isa = PBXGroup;
			children = (
				9BD1EEF8218CA3C9004AB970 /* Main.storyboard */,
				9BD1EEFD218CA3CA004AB970 /* LaunchScreen.storyboard */,
			);
			name = Main;
			sourceTree = "<group>";
		};
		697AD2051AA5818613594518 /* Frameworks */ = {
			isa = PBXGroup;
			children = (
				7039097D73F9A718EA36E5D5 /* Pods_SmartOrder.framework */,
			);
			name = Frameworks;
			sourceTree = "<group>";
		};
		84E2BC7FF43EC17075F7E22F /* Pods */ = {
			isa = PBXGroup;
			children = (
				436BE46A013B8DA53395D0D0 /* Pods-SmartOrder.debug.xcconfig */,
				446FB7B5994FBD40D3F53D30 /* Pods-SmartOrder.release.xcconfig */,
			);
			name = Pods;
			sourceTree = "<group>";
		};
		9BD1EEE8218CA3C9004AB970 = {
			isa = PBXGroup;
			children = (
				9BD1EEF3218CA3C9004AB970 /* SmartOrder */,
				9BD1EEF2218CA3C9004AB970 /* Products */,
				84E2BC7FF43EC17075F7E22F /* Pods */,
				697AD2051AA5818613594518 /* Frameworks */,
			);
			sourceTree = "<group>";
		};
		9BD1EEF2218CA3C9004AB970 /* Products */ = {
			isa = PBXGroup;
			children = (
				9BD1EEF1218CA3C9004AB970 /* SmartOrder.app */,
			);
			name = Products;
			sourceTree = "<group>";
		};
		9BD1EEF3218CA3C9004AB970 /* SmartOrder */ = {
			isa = PBXGroup;
			children = (
				9BD1EF09218CA4A3004AB970 /* Model */,
				9BD1EF08218CA431004AB970 /* View */,
				9BD1EF0A218CA4AC004AB970 /* Controller */,
				9BD1EEFB218CA3CA004AB970 /* Assets.xcassets */,
				9BD1EF00218CA3CA004AB970 /* Info.plist */,
				9BD1EF06218CA426004AB970 /* GoogleService-Info.plist */,
			);
			path = SmartOrder;
			sourceTree = "<group>";
		};
		9BD1EF08218CA431004AB970 /* View */ = {
			isa = PBXGroup;
			children = (
				0AF4F572219EC218005AC6DC /* Main */,
				A1D61DAF2193ED69008D35C2 /* Coupon */,
				0AF4F56F219EC112005AC6DC /* Order */,
				0AF4F570219EC171005AC6DC /* Reservation */,
				0AF4F571219EC17E005AC6DC /* Member */,
			);
			name = View;
			sourceTree = "<group>";
		};
		9BD1EF09218CA4A3004AB970 /* Model */ = {
			isa = PBXGroup;
			children = (
				A11BE7AE219D075000C5A86F /* FirebaseCommunicator.swift */,
			);
			path = Model;
			sourceTree = "<group>";
		};
		9BD1EF0A218CA4AC004AB970 /* Controller */ = {
			isa = PBXGroup;
			children = (
				0AE4441C21A2590F00571E17 /* Order */,
				A11BE7AB219D045C00C5A86F /* Coupon */,
				9BD1EEF4218CA3C9004AB970 /* AppDelegate.swift */,
				9BD1EF1A218EF349004AB970 /* Common.swift */,
				9BD1EF1C218F66DC004AB970 /* HelperExtensions.swift */,
				9BD1EF18218ECF89004AB970 /* MainViewController.swift */,
				9BD1EF2021916F83004AB970 /* AdminViewController.swift */,
				9BD1EF1E2191441A004AB970 /* MenberViewController.swift */,
			);
			name = Controller;
			sourceTree = "<group>";
		};
		A11BE7AB219D045C00C5A86F /* Coupon */ = {
			isa = PBXGroup;
			children = (
				A19727272193E7A600068B18 /* CouponViewController.swift */,
			);
			name = Coupon;
			sourceTree = "<group>";
		};
		A1D61DAF2193ED69008D35C2 /* Coupon */ = {
			isa = PBXGroup;
			children = (
				9BD1EF0F218CAD15004AB970 /* Coupon.storyboard */,
				A1D61DAD2193ED38008D35C2 /* CouponCollectionViewCell.swift */,
			);
			name = Coupon;
			sourceTree = "<group>";
		};
/* End PBXGroup section */

/* Begin PBXNativeTarget section */
		9BD1EEF0218CA3C9004AB970 /* SmartOrder */ = {
			isa = PBXNativeTarget;
			buildConfigurationList = 9BD1EF03218CA3CA004AB970 /* Build configuration list for PBXNativeTarget "SmartOrder" */;
			buildPhases = (
				131F120C86997ADA33F60160 /* [CP] Check Pods Manifest.lock */,
				9BD1EEED218CA3C9004AB970 /* Sources */,
				9BD1EEEE218CA3C9004AB970 /* Frameworks */,
				9BD1EEEF218CA3C9004AB970 /* Resources */,
				8A11A80A1867A3C869CEDC53 /* [CP] Embed Pods Frameworks */,
				7A2AF2A97E297A17FC76809E /* [CP] Copy Pods Resources */,
			);
			buildRules = (
			);
			dependencies = (
			);
			name = SmartOrder;
			productName = SmartOrder;
			productReference = 9BD1EEF1218CA3C9004AB970 /* SmartOrder.app */;
			productType = "com.apple.product-type.application";
		};
/* End PBXNativeTarget section */

/* Begin PBXProject section */
		9BD1EEE9218CA3C9004AB970 /* Project object */ = {
			isa = PBXProject;
			attributes = {
				LastSwiftUpdateCheck = 1000;
				LastUpgradeCheck = 1000;
				ORGANIZATIONNAME = Eason;
				TargetAttributes = {
					9BD1EEF0218CA3C9004AB970 = {
						CreatedOnToolsVersion = 10.0;
					};
				};
			};
			buildConfigurationList = 9BD1EEEC218CA3C9004AB970 /* Build configuration list for PBXProject "SmartOrder" */;
			compatibilityVersion = "Xcode 9.3";
			developmentRegion = en;
			hasScannedForEncodings = 0;
			knownRegions = (
				en,
				Base,
			);
			mainGroup = 9BD1EEE8218CA3C9004AB970;
			productRefGroup = 9BD1EEF2218CA3C9004AB970 /* Products */;
			projectDirPath = "";
			projectRoot = "";
			targets = (
				9BD1EEF0218CA3C9004AB970 /* SmartOrder */,
			);
		};
/* End PBXProject section */

/* Begin PBXResourcesBuildPhase section */
		9BD1EEEF218CA3C9004AB970 /* Resources */ = {
			isa = PBXResourcesBuildPhase;
			buildActionMask = 2147483647;
			files = (
				9BD1EF14218CAEFB004AB970 /* Reservation.storyboard in Resources */,
				9BD1EF17218CAF30004AB970 /* Menber.storyboard in Resources */,
				9BD1EEFF218CA3CA004AB970 /* LaunchScreen.storyboard in Resources */,
				0AE4441E21A2598800571E17 /* Order.storyboard in Resources */,
				9BD1EF07218CA426004AB970 /* GoogleService-Info.plist in Resources */,
				9BD1EEFC218CA3CA004AB970 /* Assets.xcassets in Resources */,
				9BD1EF10218CAD15004AB970 /* Coupon.storyboard in Resources */,
				9BD1EEFA218CA3C9004AB970 /* Main.storyboard in Resources */,
			);
			runOnlyForDeploymentPostprocessing = 0;
		};
/* End PBXResourcesBuildPhase section */

/* Begin PBXShellScriptBuildPhase section */
		131F120C86997ADA33F60160 /* [CP] Check Pods Manifest.lock */ = {
			isa = PBXShellScriptBuildPhase;
			buildActionMask = 2147483647;
			files = (
			);
			inputPaths = (
				"${PODS_PODFILE_DIR_PATH}/Podfile.lock",
				"${PODS_ROOT}/Manifest.lock",
			);
			name = "[CP] Check Pods Manifest.lock";
			outputPaths = (
				"$(DERIVED_FILE_DIR)/Pods-SmartOrder-checkManifestLockResult.txt",
			);
			runOnlyForDeploymentPostprocessing = 0;
			shellPath = /bin/sh;
			shellScript = "diff \"${PODS_PODFILE_DIR_PATH}/Podfile.lock\" \"${PODS_ROOT}/Manifest.lock\" > /dev/null\nif [ $? != 0 ] ; then\n    # print error to STDERR\n    echo \"error: The sandbox is not in sync with the Podfile.lock. Run 'pod install' or update your CocoaPods installation.\" >&2\n    exit 1\nfi\n# This output is used by Xcode 'outputs' to avoid re-running this script phase.\necho \"SUCCESS\" > \"${SCRIPT_OUTPUT_FILE_0}\"\n";
			showEnvVarsInLog = 0;
		};
		7A2AF2A97E297A17FC76809E /* [CP] Copy Pods Resources */ = {
			isa = PBXShellScriptBuildPhase;
			buildActionMask = 2147483647;
			files = (
			);
			inputPaths = (
				"${SRCROOT}/Pods/Target Support Files/Pods-SmartOrder/Pods-SmartOrder-resources.sh",
				"${PODS_ROOT}/FirebaseInvites/Resources/GINInviteResources.bundle",
				"${PODS_ROOT}/FirebaseInvites/Resources/GPPACLPickerResources.bundle",
				"${PODS_CONFIGURATION_BUILD_DIR}/FirebaseUI/FirebaseAnonymousAuthUI.bundle",
				"${PODS_CONFIGURATION_BUILD_DIR}/FirebaseUI/FirebaseAuthUI.bundle",
				"${PODS_CONFIGURATION_BUILD_DIR}/FirebaseUI/FirebaseFacebookAuthUI.bundle",
				"${PODS_CONFIGURATION_BUILD_DIR}/FirebaseUI/FirebaseGoogleAuthUI.bundle",
				"${PODS_CONFIGURATION_BUILD_DIR}/FirebaseUI/FirebasePhoneAuthUI.bundle",
				"${PODS_CONFIGURATION_BUILD_DIR}/FirebaseUI/FirebaseTwitterAuthUI.bundle",
				"${PODS_ROOT}/GoogleSignIn/Resources/GoogleSignIn.bundle",
				"${PODS_ROOT}/TwitterKit/iOS/TwitterKit.framework/TwitterKitResources.bundle",
			);
			name = "[CP] Copy Pods Resources";
			outputPaths = (
				"${TARGET_BUILD_DIR}/${UNLOCALIZED_RESOURCES_FOLDER_PATH}/GINInviteResources.bundle",
				"${TARGET_BUILD_DIR}/${UNLOCALIZED_RESOURCES_FOLDER_PATH}/GPPACLPickerResources.bundle",
				"${TARGET_BUILD_DIR}/${UNLOCALIZED_RESOURCES_FOLDER_PATH}/FirebaseAnonymousAuthUI.bundle",
				"${TARGET_BUILD_DIR}/${UNLOCALIZED_RESOURCES_FOLDER_PATH}/FirebaseAuthUI.bundle",
				"${TARGET_BUILD_DIR}/${UNLOCALIZED_RESOURCES_FOLDER_PATH}/FirebaseFacebookAuthUI.bundle",
				"${TARGET_BUILD_DIR}/${UNLOCALIZED_RESOURCES_FOLDER_PATH}/FirebaseGoogleAuthUI.bundle",
				"${TARGET_BUILD_DIR}/${UNLOCALIZED_RESOURCES_FOLDER_PATH}/FirebasePhoneAuthUI.bundle",
				"${TARGET_BUILD_DIR}/${UNLOCALIZED_RESOURCES_FOLDER_PATH}/FirebaseTwitterAuthUI.bundle",
				"${TARGET_BUILD_DIR}/${UNLOCALIZED_RESOURCES_FOLDER_PATH}/GoogleSignIn.bundle",
				"${TARGET_BUILD_DIR}/${UNLOCALIZED_RESOURCES_FOLDER_PATH}/TwitterKitResources.bundle",
			);
			runOnlyForDeploymentPostprocessing = 0;
			shellPath = /bin/sh;
			shellScript = "\"${SRCROOT}/Pods/Target Support Files/Pods-SmartOrder/Pods-SmartOrder-resources.sh\"\n";
			showEnvVarsInLog = 0;
		};
		8A11A80A1867A3C869CEDC53 /* [CP] Embed Pods Frameworks */ = {
			isa = PBXShellScriptBuildPhase;
			buildActionMask = 2147483647;
			files = (
			);
			inputPaths = (
				"${SRCROOT}/Pods/Target Support Files/Pods-SmartOrder/Pods-SmartOrder-frameworks.sh",
				"${BUILT_PRODUCTS_DIR}/Bolts/Bolts.framework",
				"${BUILT_PRODUCTS_DIR}/BoringSSL/openssl.framework",
				"${BUILT_PRODUCTS_DIR}/FBSDKCoreKit/FBSDKCoreKit.framework",
				"${BUILT_PRODUCTS_DIR}/FBSDKLoginKit/FBSDKLoginKit.framework",
				"${BUILT_PRODUCTS_DIR}/GTMOAuth2/GTMOAuth2.framework",
				"${BUILT_PRODUCTS_DIR}/GTMSessionFetcher/GTMSessionFetcher.framework",
				"${BUILT_PRODUCTS_DIR}/GoogleAPIClientForREST/GoogleAPIClientForREST.framework",
				"${BUILT_PRODUCTS_DIR}/GoogleToolboxForMac/GoogleToolboxForMac.framework",
				"${BUILT_PRODUCTS_DIR}/GoogleUtilities/GoogleUtilities.framework",
				"${BUILT_PRODUCTS_DIR}/Protobuf/Protobuf.framework",
				"${BUILT_PRODUCTS_DIR}/SDWebImage/SDWebImage.framework",
				"${PODS_ROOT}/TwitterCore/iOS/TwitterCore.framework",
				"${PODS_ROOT}/TwitterKit/iOS/TwitterKit.framework",
				"${BUILT_PRODUCTS_DIR}/gRPC/GRPCClient.framework",
				"${BUILT_PRODUCTS_DIR}/gRPC-C++/grpcpp.framework",
				"${BUILT_PRODUCTS_DIR}/gRPC-Core/grpc.framework",
				"${BUILT_PRODUCTS_DIR}/gRPC-ProtoRPC/ProtoRPC.framework",
				"${BUILT_PRODUCTS_DIR}/gRPC-RxLibrary/RxLibrary.framework",
				"${BUILT_PRODUCTS_DIR}/leveldb-library/leveldb.framework",
				"${BUILT_PRODUCTS_DIR}/nanopb/nanopb.framework",
			);
			name = "[CP] Embed Pods Frameworks";
			outputPaths = (
				"${TARGET_BUILD_DIR}/${FRAMEWORKS_FOLDER_PATH}/Bolts.framework",
				"${TARGET_BUILD_DIR}/${FRAMEWORKS_FOLDER_PATH}/openssl.framework",
				"${TARGET_BUILD_DIR}/${FRAMEWORKS_FOLDER_PATH}/FBSDKCoreKit.framework",
				"${TARGET_BUILD_DIR}/${FRAMEWORKS_FOLDER_PATH}/FBSDKLoginKit.framework",
				"${TARGET_BUILD_DIR}/${FRAMEWORKS_FOLDER_PATH}/GTMOAuth2.framework",
				"${TARGET_BUILD_DIR}/${FRAMEWORKS_FOLDER_PATH}/GTMSessionFetcher.framework",
				"${TARGET_BUILD_DIR}/${FRAMEWORKS_FOLDER_PATH}/GoogleAPIClientForREST.framework",
				"${TARGET_BUILD_DIR}/${FRAMEWORKS_FOLDER_PATH}/GoogleToolboxForMac.framework",
				"${TARGET_BUILD_DIR}/${FRAMEWORKS_FOLDER_PATH}/GoogleUtilities.framework",
				"${TARGET_BUILD_DIR}/${FRAMEWORKS_FOLDER_PATH}/Protobuf.framework",
				"${TARGET_BUILD_DIR}/${FRAMEWORKS_FOLDER_PATH}/SDWebImage.framework",
				"${TARGET_BUILD_DIR}/${FRAMEWORKS_FOLDER_PATH}/TwitterCore.framework",
				"${TARGET_BUILD_DIR}/${FRAMEWORKS_FOLDER_PATH}/TwitterKit.framework",
				"${TARGET_BUILD_DIR}/${FRAMEWORKS_FOLDER_PATH}/GRPCClient.framework",
				"${TARGET_BUILD_DIR}/${FRAMEWORKS_FOLDER_PATH}/grpcpp.framework",
				"${TARGET_BUILD_DIR}/${FRAMEWORKS_FOLDER_PATH}/grpc.framework",
				"${TARGET_BUILD_DIR}/${FRAMEWORKS_FOLDER_PATH}/ProtoRPC.framework",
				"${TARGET_BUILD_DIR}/${FRAMEWORKS_FOLDER_PATH}/RxLibrary.framework",
				"${TARGET_BUILD_DIR}/${FRAMEWORKS_FOLDER_PATH}/leveldb.framework",
				"${TARGET_BUILD_DIR}/${FRAMEWORKS_FOLDER_PATH}/nanopb.framework",
			);
			runOnlyForDeploymentPostprocessing = 0;
			shellPath = /bin/sh;
			shellScript = "\"${SRCROOT}/Pods/Target Support Files/Pods-SmartOrder/Pods-SmartOrder-frameworks.sh\"\n";
			showEnvVarsInLog = 0;
		};
/* End PBXShellScriptBuildPhase section */

/* Begin PBXSourcesBuildPhase section */
		9BD1EEED218CA3C9004AB970 /* Sources */ = {
			isa = PBXSourcesBuildPhase;
			buildActionMask = 2147483647;
			files = (
				0AE4445621A3FB4800571E17 /* ResultTableViewController.swift in Sources */,
				0AE4450921A7967000571E17 /* MenuViewController.swift in Sources */,
				9BD1EF2121916F83004AB970 /* AdminViewController.swift in Sources */,
				0AE4450621A7967000571E17 /* MenuTableViewCell.swift in Sources */,
				0AE4450821A7967000571E17 /* FoodTableViewCell.swift in Sources */,
				9BD1EF1D218F66DC004AB970 /* HelperExtensions.swift in Sources */,
				0AE4450521A7967000571E17 /* FoodViewController.swift in Sources */,
				9BD1EEF5218CA3C9004AB970 /* AppDelegate.swift in Sources */,
				9BD1EF1F2191441A004AB970 /* MenberViewController.swift in Sources */,
				A11BE7AF219D075000C5A86F /* FirebaseCommunicator.swift in Sources */,
				A1D61DAE2193ED38008D35C2 /* CouponCollectionViewCell.swift in Sources */,
				0AE4450721A7967000571E17 /* DetailTableViewController.swift in Sources */,
				9BD1EF1B218EF349004AB970 /* Common.swift in Sources */,
				A19727282193E7A600068B18 /* CouponViewController.swift in Sources */,
				9BD1EF19218ECF89004AB970 /* MainViewController.swift in Sources */,
			);
			runOnlyForDeploymentPostprocessing = 0;
		};
/* End PBXSourcesBuildPhase section */

/* Begin PBXVariantGroup section */
		9BD1EEF8218CA3C9004AB970 /* Main.storyboard */ = {
			isa = PBXVariantGroup;
			children = (
				9BD1EEF9218CA3C9004AB970 /* Base */,
			);
			name = Main.storyboard;
			sourceTree = "<group>";
		};
		9BD1EEFD218CA3CA004AB970 /* LaunchScreen.storyboard */ = {
			isa = PBXVariantGroup;
			children = (
				9BD1EEFE218CA3CA004AB970 /* Base */,
			);
			name = LaunchScreen.storyboard;
			sourceTree = "<group>";
		};
		9BD1EF15218CAF30004AB970 /* Menber.storyboard */ = {
			isa = PBXVariantGroup;
			children = (
				9BD1EF16218CAF30004AB970 /* Base */,
			);
			name = Menber.storyboard;
			sourceTree = "<group>";
		};
/* End PBXVariantGroup section */

/* Begin XCBuildConfiguration section */
		9BD1EF01218CA3CA004AB970 /* Debug */ = {
			isa = XCBuildConfiguration;
			buildSettings = {
				ALWAYS_SEARCH_USER_PATHS = NO;
				CLANG_ANALYZER_NONNULL = YES;
				CLANG_ANALYZER_NUMBER_OBJECT_CONVERSION = YES_AGGRESSIVE;
				CLANG_CXX_LANGUAGE_STANDARD = "gnu++14";
				CLANG_CXX_LIBRARY = "libc++";
				CLANG_ENABLE_MODULES = YES;
				CLANG_ENABLE_OBJC_ARC = YES;
				CLANG_ENABLE_OBJC_WEAK = YES;
				CLANG_WARN_BLOCK_CAPTURE_AUTORELEASING = YES;
				CLANG_WARN_BOOL_CONVERSION = YES;
				CLANG_WARN_COMMA = YES;
				CLANG_WARN_CONSTANT_CONVERSION = YES;
				CLANG_WARN_DEPRECATED_OBJC_IMPLEMENTATIONS = YES;
				CLANG_WARN_DIRECT_OBJC_ISA_USAGE = YES_ERROR;
				CLANG_WARN_DOCUMENTATION_COMMENTS = YES;
				CLANG_WARN_EMPTY_BODY = YES;
				CLANG_WARN_ENUM_CONVERSION = YES;
				CLANG_WARN_INFINITE_RECURSION = YES;
				CLANG_WARN_INT_CONVERSION = YES;
				CLANG_WARN_NON_LITERAL_NULL_CONVERSION = YES;
				CLANG_WARN_OBJC_IMPLICIT_RETAIN_SELF = YES;
				CLANG_WARN_OBJC_LITERAL_CONVERSION = YES;
				CLANG_WARN_OBJC_ROOT_CLASS = YES_ERROR;
				CLANG_WARN_RANGE_LOOP_ANALYSIS = YES;
				CLANG_WARN_STRICT_PROTOTYPES = YES;
				CLANG_WARN_SUSPICIOUS_MOVE = YES;
				CLANG_WARN_UNGUARDED_AVAILABILITY = YES_AGGRESSIVE;
				CLANG_WARN_UNREACHABLE_CODE = YES;
				CLANG_WARN__DUPLICATE_METHOD_MATCH = YES;
				CODE_SIGN_IDENTITY = "iPhone Developer";
				COPY_PHASE_STRIP = NO;
				DEBUG_INFORMATION_FORMAT = dwarf;
				ENABLE_STRICT_OBJC_MSGSEND = YES;
				ENABLE_TESTABILITY = YES;
				GCC_C_LANGUAGE_STANDARD = gnu11;
				GCC_DYNAMIC_NO_PIC = NO;
				GCC_NO_COMMON_BLOCKS = YES;
				GCC_OPTIMIZATION_LEVEL = 0;
				GCC_PREPROCESSOR_DEFINITIONS = (
					"DEBUG=1",
					"$(inherited)",
				);
				GCC_WARN_64_TO_32_BIT_CONVERSION = YES;
				GCC_WARN_ABOUT_RETURN_TYPE = YES_ERROR;
				GCC_WARN_UNDECLARED_SELECTOR = YES;
				GCC_WARN_UNINITIALIZED_AUTOS = YES_AGGRESSIVE;
				GCC_WARN_UNUSED_FUNCTION = YES;
				GCC_WARN_UNUSED_VARIABLE = YES;
				IPHONEOS_DEPLOYMENT_TARGET = 12.0;
				MTL_ENABLE_DEBUG_INFO = INCLUDE_SOURCE;
				MTL_FAST_MATH = YES;
				ONLY_ACTIVE_ARCH = YES;
				SDKROOT = iphoneos;
				SWIFT_ACTIVE_COMPILATION_CONDITIONS = DEBUG;
				SWIFT_OPTIMIZATION_LEVEL = "-Onone";
			};
			name = Debug;
		};
		9BD1EF02218CA3CA004AB970 /* Release */ = {
			isa = XCBuildConfiguration;
			buildSettings = {
				ALWAYS_SEARCH_USER_PATHS = NO;
				CLANG_ANALYZER_NONNULL = YES;
				CLANG_ANALYZER_NUMBER_OBJECT_CONVERSION = YES_AGGRESSIVE;
				CLANG_CXX_LANGUAGE_STANDARD = "gnu++14";
				CLANG_CXX_LIBRARY = "libc++";
				CLANG_ENABLE_MODULES = YES;
				CLANG_ENABLE_OBJC_ARC = YES;
				CLANG_ENABLE_OBJC_WEAK = YES;
				CLANG_WARN_BLOCK_CAPTURE_AUTORELEASING = YES;
				CLANG_WARN_BOOL_CONVERSION = YES;
				CLANG_WARN_COMMA = YES;
				CLANG_WARN_CONSTANT_CONVERSION = YES;
				CLANG_WARN_DEPRECATED_OBJC_IMPLEMENTATIONS = YES;
				CLANG_WARN_DIRECT_OBJC_ISA_USAGE = YES_ERROR;
				CLANG_WARN_DOCUMENTATION_COMMENTS = YES;
				CLANG_WARN_EMPTY_BODY = YES;
				CLANG_WARN_ENUM_CONVERSION = YES;
				CLANG_WARN_INFINITE_RECURSION = YES;
				CLANG_WARN_INT_CONVERSION = YES;
				CLANG_WARN_NON_LITERAL_NULL_CONVERSION = YES;
				CLANG_WARN_OBJC_IMPLICIT_RETAIN_SELF = YES;
				CLANG_WARN_OBJC_LITERAL_CONVERSION = YES;
				CLANG_WARN_OBJC_ROOT_CLASS = YES_ERROR;
				CLANG_WARN_RANGE_LOOP_ANALYSIS = YES;
				CLANG_WARN_STRICT_PROTOTYPES = YES;
				CLANG_WARN_SUSPICIOUS_MOVE = YES;
				CLANG_WARN_UNGUARDED_AVAILABILITY = YES_AGGRESSIVE;
				CLANG_WARN_UNREACHABLE_CODE = YES;
				CLANG_WARN__DUPLICATE_METHOD_MATCH = YES;
				CODE_SIGN_IDENTITY = "iPhone Developer";
				COPY_PHASE_STRIP = NO;
				DEBUG_INFORMATION_FORMAT = "dwarf-with-dsym";
				ENABLE_NS_ASSERTIONS = NO;
				ENABLE_STRICT_OBJC_MSGSEND = YES;
				GCC_C_LANGUAGE_STANDARD = gnu11;
				GCC_NO_COMMON_BLOCKS = YES;
				GCC_WARN_64_TO_32_BIT_CONVERSION = YES;
				GCC_WARN_ABOUT_RETURN_TYPE = YES_ERROR;
				GCC_WARN_UNDECLARED_SELECTOR = YES;
				GCC_WARN_UNINITIALIZED_AUTOS = YES_AGGRESSIVE;
				GCC_WARN_UNUSED_FUNCTION = YES;
				GCC_WARN_UNUSED_VARIABLE = YES;
				IPHONEOS_DEPLOYMENT_TARGET = 12.0;
				MTL_ENABLE_DEBUG_INFO = NO;
				MTL_FAST_MATH = YES;
				SDKROOT = iphoneos;
				SWIFT_COMPILATION_MODE = wholemodule;
				SWIFT_OPTIMIZATION_LEVEL = "-O";
				VALIDATE_PRODUCT = YES;
			};
			name = Release;
		};
		9BD1EF04218CA3CA004AB970 /* Debug */ = {
			isa = XCBuildConfiguration;
			baseConfigurationReference = 436BE46A013B8DA53395D0D0 /* Pods-SmartOrder.debug.xcconfig */;
			buildSettings = {
				ASSETCATALOG_COMPILER_APPICON_NAME = AppIcon;
				CODE_SIGN_STYLE = Automatic;
				DEVELOPMENT_TEAM = 23SHCYU3ZR;
				INFOPLIST_FILE = SmartOrder/Info.plist;
				LD_RUNPATH_SEARCH_PATHS = (
					"$(inherited)",
					"@executable_path/Frameworks",
				);
				PRODUCT_BUNDLE_IDENTIFIER = com.eason.SmartOrder;
				PRODUCT_NAME = "$(TARGET_NAME)";
				SWIFT_VERSION = 4.2;
				TARGETED_DEVICE_FAMILY = "1,2";
			};
			name = Debug;
		};
		9BD1EF05218CA3CA004AB970 /* Release */ = {
			isa = XCBuildConfiguration;
			baseConfigurationReference = 446FB7B5994FBD40D3F53D30 /* Pods-SmartOrder.release.xcconfig */;
			buildSettings = {
				ASSETCATALOG_COMPILER_APPICON_NAME = AppIcon;
				CODE_SIGN_STYLE = Automatic;
				DEVELOPMENT_TEAM = 23SHCYU3ZR;
				INFOPLIST_FILE = SmartOrder/Info.plist;
				LD_RUNPATH_SEARCH_PATHS = (
					"$(inherited)",
					"@executable_path/Frameworks",
				);
				PRODUCT_BUNDLE_IDENTIFIER = com.eason.SmartOrder;
				PRODUCT_NAME = "$(TARGET_NAME)";
				SWIFT_VERSION = 4.2;
				TARGETED_DEVICE_FAMILY = "1,2";
			};
			name = Release;
		};
/* End XCBuildConfiguration section */

/* Begin XCConfigurationList section */
		9BD1EEEC218CA3C9004AB970 /* Build configuration list for PBXProject "SmartOrder" */ = {
			isa = XCConfigurationList;
			buildConfigurations = (
				9BD1EF01218CA3CA004AB970 /* Debug */,
				9BD1EF02218CA3CA004AB970 /* Release */,
			);
			defaultConfigurationIsVisible = 0;
			defaultConfigurationName = Release;
		};
		9BD1EF03218CA3CA004AB970 /* Build configuration list for PBXNativeTarget "SmartOrder" */ = {
			isa = XCConfigurationList;
			buildConfigurations = (
				9BD1EF04218CA3CA004AB970 /* Debug */,
				9BD1EF05218CA3CA004AB970 /* Release */,
			);
			defaultConfigurationIsVisible = 0;
			defaultConfigurationName = Release;
		};
/* End XCConfigurationList section */
	};
	rootObject = 9BD1EEE9218CA3C9004AB970 /* Project object */;
}
